<?xml version="1.0" encoding="UTF-8" standalone="yes" ?>
<CodeBlocks_project_file>
	<FileVersion major="1" minor="6" />
	<Project>
		<Option title="BBTLoD" />
		<Option pch_mode="2" />
		<Option compiler="gcc" />
		<Build>
			<Target title="Release Windows">
				<Option output="bin/BBTLoD" prefix_auto="1" extension_auto="1" />
				<Option working_dir="bin/" />
				<Option object_output="bin/obj/" />
				<Option type="1" />
				<Option compiler="gcc" />
				<Compiler>
					<Add option="-O2" />
					<Add option="-static" />
					<Add option="-static-libgcc" />
				</Compiler>
				<Linker>
					<Add option="-s" />
					<Add library="libs/libglew32.a" />
					<Add library="libs/libglfw3.a" />
					<Add library="libs/glfw3dll.a" />
					<Add library="libs/libopengl32.a" />
					<Add library="libs/libgdi32.a" />
				</Linker>
			</Target>
			<Target title="Release Unix">
				<Option platforms="Unix;" />
				<Option output="bin/BBTLoD" prefix_auto="1" extension_auto="1" />
				<Option working_dir="bin/" />
				<Option object_output="bin/obj/" />
				<Option type="1" />
				<Option compiler="gcc" />
				<Compiler>
					<Add option="-O2" />
					<Add option="-std=c11" />
					<Add option="-static" />
					<Add option="-static-libgcc" />
				</Compiler>
				<Linker>
					<Add option="-s" />
					<Add library="glfw" />
					<Add library="GL" />
					<Add library="GLEW" />
				</Linker>
			</Target>
		</Build>
		<Compiler>
			<Add option="-Wall" />
			<Add option="-DGLEW_STATIC" />
			<Add directory="include" />
		</Compiler>
		<Linker>
		</Linker>
		<Unit filename="src/Common/Data.cpp" />
		<Unit filename="src/Common/Data.h" />
		<Unit filename="src/Common/File.cpp" />
		<Unit filename="src/Common/File.h" />
		<Unit filename="src/GUI/Window.cpp" />
		<Unit filename="src/GUI/Window.h" />
		<Unit filename="src/Game.cpp" />
		<Unit filename="src/Game.h" />
		<Unit filename="src/Input/InputManager.cpp" />
		<Unit filename="src/Input/InputManager.h" />
		<Unit filename="src/Input/Keyboard.cpp" />
		<Unit filename="src/Input/Keyboard.h" />
		<Unit filename="src/Input/Mouse.cpp" />
		<Unit filename="src/Input/Mouse.h" />
		<Unit filename="src/Logic/ApplicationLogic.cpp" />
		<Unit filename="src/Logic/ApplicationLogic.h" />
		<Unit filename="src/Renderer/FreeCamera.cpp" />
		<Unit filename="src/Renderer/FreeCamera.h" />
		<Unit filename="src/Renderer/OpenGL/MatrixStack.cpp" />
		<Unit filename="src/Renderer/OpenGL/MatrixStack.h" />
		<Unit filename="src/Renderer/OpenGL/Pipeline.cpp" />
		<Unit filename="src/Renderer/OpenGL/Pipeline.h" />
		<Unit filename="src/Renderer/OpenGL/Shader.cpp" />
		<Unit filename="src/Renderer/OpenGL/Shader.h" />
		<Unit filename="src/Renderer/Renderer.cpp" />
		<Unit filename="src/Renderer/Renderer.h" />
		<Unit filename="src/Renderer/Terrain.cpp" />
		<Unit filename="src/Renderer/Terrain.h" />
		<Unit filename="src/Renderer/Types.h" />
		<Unit filename="src/main.cpp" />
		<Extensions>
			<code_completion />
			<envvars />
			<debugger />
			<lib_finder disable_auto="1" />
		</Extensions>
	</Project>
</CodeBlocks_project_file>
